{
  "name": "@nodechessengineserver/lichess",
  "version": "1.0.0",
  "lockfileVersion": 1,
  "requires": true,
  "dependencies": {
    "@nodechessengineserver/miscutils": {
      "version": "1.0.0",
      "resolved": "https://registry.npmjs.org/@nodechessengineserver/miscutils/-/miscutils-1.0.0.tgz",
      "integrity": "sha512-GQ5YpfXqVI/WlJucBsmfeN0z/HUg9GLAN8G7Z9P1ZBrvtEKjCWRoLAQrx8UZ+bowftZaZ4462pCgqnMrJVzvJQ=="
    }
  }
}
